
Microsoft Visual Studio Solution File, Format Version 12.00
# Visual Studio Version 17
VisualStudioVersion = 17.10.35122.118
MinimumVisualStudioVersion = 10.0.40219.1
Project("{FAE04EC0-301F-11D3-BF4B-00C04F79EFBC}") = "EasyTame", "EasyTame.csproj", "{6CEFAE98-8F5F-4DC4-AAA9-9FA2F3DBB1D5}"
EndProject
Global
	GlobalSection(SolutionConfigurationPlatforms) = preSolution
		Debug|Any CPU = Debug|Any CPU
		Release|Any CPU = Release|Any CPU
	EndGlobalSection
	GlobalSection(ProjectConfigurationPlatforms) = postSolution
		{6CEFAE98-8F5F-4DC4-AAA9-9FA2F3DBB1D5}.Debug|Any CPU.ActiveCfg = Debug|Any CPU
		{6CEFAE98-8F5F-4DC4-AAA9-9FA2F3DBB1D5}.Debug|Any CPU.Build.0 = Debug|Any CPU
		{6CEFAE98-8F5F-4DC4-AAA9-9FA2F3DBB1D5}.Release|Any CPU.ActiveCfg = Release|Any CPU
		{6CEFAE98-8F5F-4DC4-AAA9-9FA2F3DBB1D5}.Release|Any CPU.Build.0 = Release|Any CPU
	EndGlobalSection
	GlobalSection(SolutionProperties) = preSolution
		HideSolutionNode = FALSE
	EndGlobalSection
	GlobalSection(ExtensibilityGlobals) = postSolution
		SolutionGuid = {AED993BF-19D6-40B5-8221-12BBA69E976D}
	EndGlobalSection
EndGlobal
